PODS:
  - presentation (1.0)

DEPENDENCIES:
  - presentation (from `../presentation`)

EXTERNAL SOURCES:
  presentation:
    :path: "../presentation"

SPEC CHECKSUMS:
  presentation: 1cea62b06fb78ded65aac967bccd1b8393dd0c5b

PODFILE CHECKSUM: f92ba6c4e880e80a2986f18549a231521485c2d8

COCOAPODS: 1.12.1
